<?xml version="1.0" encoding="UTF-8"?>
<!DOCTYPE plist PUBLIC "-//Apple//DTD PLIST 1.0//EN" "http://www.apple.com/DTDs/PropertyList-1.0.dtd">
<plist version="1.0">
<dict>
	<key>archiveVersion</key>
	<string>1</string>
	<key>classes</key>
	<dict/>
	<key>objectVersion</key>
	<string>46</string>
	<key>objects</key>
	<dict>
		<key>0FB33B9C8422798FF6CD8D24</key>
		<dict>
			<key>buildActionMask</key>
			<string>2147483647</string>
			<key>files</key>
			<array/>
			<key>inputPaths</key>
			<array/>
			<key>isa</key>
			<string>PBXShellScriptBuildPhase</string>
			<key>name</key>
			<string>Check Pods Manifest.lock</string>
			<key>outputPaths</key>
			<array/>
			<key>runOnlyForDeploymentPostprocessing</key>
			<string>0</string>
			<key>shellPath</key>
			<string>/bin/sh</string>
			<key>shellScript</key>
			<string>diff "${PODS_ROOT}/../Podfile.lock" "${PODS_ROOT}/Manifest.lock" &gt; /dev/null
if [[ $? != 0 ]] ; then
    cat &lt;&lt; EOM
error: The sandbox is not in sync with the Podfile.lock. Run 'pod install' or update your CocoaPods installation.
EOM
    exit 1
fi
</string>
			<key>showEnvVarsInLog</key>
			<string>0</string>
		</dict>
		<key>124866F189D6C99194F2CD6A</key>
		<dict>
			<key>children</key>
			<array>
				<string>E656C158DB7F66E6C033CC81</string>
				<string>2DB457E6C8EC3864E967A53B</string>
			</array>
			<key>isa</key>
			<string>PBXGroup</string>
			<key>name</key>
			<string>Pods</string>
			<key>sourceTree</key>
			<string>&lt;group&gt;</string>
		</dict>
		<key>2DB457E6C8EC3864E967A53B</key>
		<dict>
			<key>includeInIndex</key>
			<string>1</string>
			<key>isa</key>
			<string>PBXFileReference</string>
			<key>lastKnownFileType</key>
			<string>text.xcconfig</string>
			<key>name</key>
			<string>Pods.release.xcconfig</string>
			<key>path</key>
			<string>Pods/Target Support Files/Pods/Pods.release.xcconfig</string>
			<key>sourceTree</key>
			<string>&lt;group&gt;</string>
		</dict>
		<key>385014C3830917CDA7A3A576</key>
		<dict>
			<key>children</key>
			<array>
				<string>D9FD07ED1CAA0592004FDD25</string>
				<string>C5E3C2089F9EF9143DFF25B4</string>
			</array>
			<key>isa</key>
			<string>PBXGroup</string>
			<key>name</key>
			<string>Frameworks</string>
			<key>sourceTree</key>
			<string>&lt;group&gt;</string>
		</dict>
		<key>78F78333DFE18D6E334FD902</key>
		<dict>
			<key>fileRef</key>
			<string>C5E3C2089F9EF9143DFF25B4</string>
			<key>isa</key>
			<string>PBXBuildFile</string>
		</dict>
		<key>7959E6C6048D6E2B14F168FC</key>
		<dict>
			<key>buildActionMask</key>
			<string>2147483647</string>
			<key>files</key>
			<array/>
			<key>inputPaths</key>
			<array/>
			<key>isa</key>
			<string>PBXShellScriptBuildPhase</string>
			<key>name</key>
			<string>Embed Pods Frameworks</string>
			<key>outputPaths</key>
			<array/>
			<key>runOnlyForDeploymentPostprocessing</key>
			<string>0</string>
			<key>shellPath</key>
			<string>/bin/sh</string>
			<key>shellScript</key>
			<string>"${SRCROOT}/Pods/Target Support Files/Pods/Pods-frameworks.sh"
</string>
			<key>showEnvVarsInLog</key>
			<string>0</string>
		</dict>
		<key>C5E3C2089F9EF9143DFF25B4</key>
		<dict>
			<key>explicitFileType</key>
			<string>wrapper.framework</string>
			<key>includeInIndex</key>
			<string>0</string>
			<key>isa</key>
			<string>PBXFileReference</string>
			<key>path</key>
			<string>Pods.framework</string>
			<key>sourceTree</key>
			<string>BUILT_PRODUCTS_DIR</string>
		</dict>
		<key>D80C48C41C7E29E70084DC39</key>
		<dict>
			<key>fileEncoding</key>
			<string>4</string>
			<key>isa</key>
			<string>PBXFileReference</string>
			<key>lastKnownFileType</key>
			<string>sourcecode.swift</string>
			<key>path</key>
			<string>LoginViewController.swift</string>
			<key>sourceTree</key>
			<string>&lt;group&gt;</string>
		</dict>
		<key>D80C48C51C7E29E70084DC39</key>
		<dict>
			<key>fileRef</key>
			<string>D80C48C41C7E29E70084DC39</string>
			<key>isa</key>
			<string>PBXBuildFile</string>
		</dict>
		<key>D83F9ACF1CA74B6B00111635</key>
		<dict>
			<key>fileEncoding</key>
			<string>4</string>
			<key>isa</key>
			<string>PBXFileReference</string>
			<key>lastKnownFileType</key>
			<string>sourcecode.swift</string>
			<key>path</key>
			<string>AVCamPreviewView.swift</string>
			<key>sourceTree</key>
			<string>&lt;group&gt;</string>
		</dict>
		<key>D83F9AD01CA74B6B00111635</key>
		<dict>
			<key>fileRef</key>
			<string>D83F9ACF1CA74B6B00111635</string>
			<key>isa</key>
			<string>PBXBuildFile</string>
		</dict>
		<key>D8602F3D1C909B9500A17126</key>
		<dict>
			<key>fileEncoding</key>
			<string>4</string>
			<key>isa</key>
			<string>PBXFileReference</string>
			<key>lastKnownFileType</key>
			<string>sourcecode.swift</string>
			<key>path</key>
			<string>NewPostViewController.swift</string>
			<key>sourceTree</key>
			<string>&lt;group&gt;</string>
		</dict>
		<key>D8602F3E1C909B9500A17126</key>
		<dict>
			<key>fileRef</key>
			<string>D8602F3D1C909B9500A17126</string>
			<key>isa</key>
			<string>PBXBuildFile</string>
		</dict>
		<key>D8BC47931C778B78006BF5A0</key>
		<dict>
			<key>children</key>
			<array>
				<string>D8BC479E1C778B78006BF5A0</string>
				<string>D8BC479D1C778B78006BF5A0</string>
				<string>124866F189D6C99194F2CD6A</string>
				<string>385014C3830917CDA7A3A576</string>
			</array>
			<key>isa</key>
			<string>PBXGroup</string>
			<key>sourceTree</key>
			<string>&lt;group&gt;</string>
		</dict>
		<key>D8BC47941C778B78006BF5A0</key>
		<dict>
			<key>attributes</key>
			<dict>
				<key>LastSwiftUpdateCheck</key>
				<string>0720</string>
				<key>LastUpgradeCheck</key>
				<string>0720</string>
				<key>ORGANIZATIONNAME</key>
				<string>Joe Van Gundy</string>
				<key>TargetAttributes</key>
				<dict>
					<key>D8BC479B1C778B78006BF5A0</key>
					<dict>
						<key>CreatedOnToolsVersion</key>
						<string>7.2</string>
						<key>DevelopmentTeam</key>
						<string>24453PNKRA</string>
					</dict>
				</dict>
			</dict>
			<key>buildConfigurationList</key>
			<string>D8BC47971C778B78006BF5A0</string>
			<key>compatibilityVersion</key>
			<string>Xcode 3.2</string>
			<key>developmentRegion</key>
			<string>English</string>
			<key>hasScannedForEncodings</key>
			<string>0</string>
			<key>isa</key>
			<string>PBXProject</string>
			<key>knownRegions</key>
			<array>
				<string>en</string>
				<string>Base</string>
			</array>
			<key>mainGroup</key>
			<string>D8BC47931C778B78006BF5A0</string>
			<key>productRefGroup</key>
			<string>D8BC479D1C778B78006BF5A0</string>
			<key>projectDirPath</key>
			<string></string>
			<key>projectReferences</key>
			<array>
				<dict>
					<key>ProductGroup</key>
					<string>D9FD07EE1CAA0592004FDD25</string>
					<key>ProjectRef</key>
					<string>D9FD07ED1CAA0592004FDD25</string>
				</dict>
			</array>
			<key>projectRoot</key>
			<string></string>
			<key>targets</key>
			<array>
				<string>D8BC479B1C778B78006BF5A0</string>
			</array>
		</dict>
		<key>D8BC47971C778B78006BF5A0</key>
		<dict>
			<key>buildConfigurations</key>
			<array>
				<string>D8BC47AF1C778B78006BF5A0</string>
				<string>D8BC47B01C778B78006BF5A0</string>
			</array>
			<key>defaultConfigurationIsVisible</key>
			<string>0</string>
			<key>defaultConfigurationName</key>
			<string>Release</string>
			<key>isa</key>
			<string>XCConfigurationList</string>
		</dict>
		<key>D8BC47981C778B78006BF5A0</key>
		<dict>
			<key>buildActionMask</key>
			<string>2147483647</string>
			<key>files</key>
			<array>
				<string>D80C48C51C7E29E70084DC39</string>
				<string>D947E1501CA72C1D00D58842</string>
				<string>D947E14E1CA72B2E00D58842</string>
				<string>D8BC47A81C778B78006BF5A0</string>
				<string>D8BC47B61C778C4F006BF5A0</string>
				<string>D8BC47A01C778B78006BF5A0</string>
				<string>D8602F3E1C909B9500A17126</string>
				<string>D83F9AD01CA74B6B00111635</string>
				<string>D8DAF5131CA70FC000D93A1A</string>
			</array>
			<key>isa</key>
			<string>PBXSourcesBuildPhase</string>
			<key>runOnlyForDeploymentPostprocessing</key>
			<string>0</string>
		</dict>
		<key>D8BC47991C778B78006BF5A0</key>
		<dict>
			<key>buildActionMask</key>
			<string>2147483647</string>
			<key>files</key>
			<array>
				<string>78F78333DFE18D6E334FD902</string>
			</array>
			<key>isa</key>
			<string>PBXFrameworksBuildPhase</string>
			<key>runOnlyForDeploymentPostprocessing</key>
			<string>0</string>
		</dict>
		<key>D8BC479A1C778B78006BF5A0</key>
		<dict>
			<key>buildActionMask</key>
			<string>2147483647</string>
			<key>files</key>
			<array>
				<string>D930A30A1CA87FEE00B2E1A4</string>
				<string>D8BC47AD1C778B78006BF5A0</string>
				<string>D8DAF5151CA7380100D93A1A</string>
				<string>D8BC47AA1C778B78006BF5A0</string>
				<string>D8BC47A51C778B78006BF5A0</string>
				<string>E5441F551CA8826600CC84B1</string>
				<string>D947E1521CA72D5300D58842</string>
				<string>D930A30B1CA87FEE00B2E1A4</string>
			</array>
			<key>isa</key>
			<string>PBXResourcesBuildPhase</string>
			<key>runOnlyForDeploymentPostprocessing</key>
			<string>0</string>
		</dict>
		<key>D8BC479B1C778B78006BF5A0</key>
		<dict>
			<key>buildConfigurationList</key>
			<string>D8BC47B11C778B78006BF5A0</string>
			<key>buildPhases</key>
			<array>
				<string>0FB33B9C8422798FF6CD8D24</string>
				<string>D8BC47981C778B78006BF5A0</string>
				<string>D8BC47991C778B78006BF5A0</string>
				<string>D8BC479A1C778B78006BF5A0</string>
				<string>7959E6C6048D6E2B14F168FC</string>
				<string>FED16D430FBA5DBE15B69A67</string>
			</array>
			<key>buildRules</key>
			<array/>
			<key>dependencies</key>
			<array/>
			<key>isa</key>
			<string>PBXNativeTarget</string>
			<key>name</key>
			<string>jre</string>
			<key>productName</key>
			<string>jre</string>
			<key>productReference</key>
			<string>D8BC479C1C778B78006BF5A0</string>
			<key>productType</key>
			<string>com.apple.product-type.application</string>
		</dict>
		<key>D8BC479C1C778B78006BF5A0</key>
		<dict>
			<key>explicitFileType</key>
			<string>wrapper.application</string>
			<key>includeInIndex</key>
			<string>0</string>
			<key>isa</key>
			<string>PBXFileReference</string>
			<key>path</key>
			<string>jre.app</string>
			<key>sourceTree</key>
			<string>BUILT_PRODUCTS_DIR</string>
		</dict>
		<key>D8BC479D1C778B78006BF5A0</key>
		<dict>
			<key>children</key>
			<array>
				<string>D8BC479C1C778B78006BF5A0</string>
			</array>
			<key>isa</key>
			<string>PBXGroup</string>
			<key>name</key>
			<string>Products</string>
			<key>sourceTree</key>
			<string>&lt;group&gt;</string>
		</dict>
		<key>D8BC479E1C778B78006BF5A0</key>
		<dict>
			<key>children</key>
			<array>
				<string>D947E1511CA72D5200D58842</string>
				<string>D930A3081CA87FEE00B2E1A4</string>
				<string>D930A3091CA87FEE00B2E1A4</string>
				<string>D8BC47B41C778C0F006BF5A0</string>
				<string>D8BC479F1C778B78006BF5A0</string>
				<string>D8DAF5141CA7380100D93A1A</string>
				<string>D8BC47A31C778B78006BF5A0</string>
				<string>D8BC47A91C778B78006BF5A0</string>
				<string>E5441F541CA8826600CC84B1</string>
				<string>D8BC47AB1C778B78006BF5A0</string>
				<string>D8BC47AE1C778B78006BF5A0</string>
				<string>D8BC47A61C778B78006BF5A0</string>
			</array>
			<key>isa</key>
			<string>PBXGroup</string>
			<key>path</key>
			<string>jre</string>
			<key>sourceTree</key>
			<string>&lt;group&gt;</string>
		</dict>
		<key>D8BC479F1C778B78006BF5A0</key>
		<dict>
			<key>isa</key>
			<string>PBXFileReference</string>
			<key>lastKnownFileType</key>
			<string>sourcecode.swift</string>
			<key>path</key>
			<string>AppDelegate.swift</string>
			<key>sourceTree</key>
			<string>&lt;group&gt;</string>
		</dict>
		<key>D8BC47A01C778B78006BF5A0</key>
		<dict>
			<key>fileRef</key>
			<string>D8BC479F1C778B78006BF5A0</string>
			<key>isa</key>
			<string>PBXBuildFile</string>
		</dict>
		<key>D8BC47A31C778B78006BF5A0</key>
		<dict>
			<key>children</key>
			<array>
				<string>D8BC47A41C778B78006BF5A0</string>
			</array>
			<key>isa</key>
			<string>PBXVariantGroup</string>
			<key>name</key>
			<string>Main.storyboard</string>
			<key>sourceTree</key>
			<string>&lt;group&gt;</string>
		</dict>
		<key>D8BC47A41C778B78006BF5A0</key>
		<dict>
			<key>isa</key>
			<string>PBXFileReference</string>
			<key>lastKnownFileType</key>
			<string>file.storyboard</string>
			<key>name</key>
			<string>Base</string>
			<key>path</key>
			<string>Base.lproj/Main.storyboard</string>
			<key>sourceTree</key>
			<string>&lt;group&gt;</string>
		</dict>
		<key>D8BC47A51C778B78006BF5A0</key>
		<dict>
			<key>fileRef</key>
			<string>D8BC47A31C778B78006BF5A0</string>
			<key>isa</key>
			<string>PBXBuildFile</string>
		</dict>
		<key>D8BC47A61C778B78006BF5A0</key>
		<dict>
			<key>children</key>
			<array>
				<string>D8BC47A71C778B78006BF5A0</string>
			</array>
			<key>currentVersion</key>
			<string>D8BC47A71C778B78006BF5A0</string>
			<key>isa</key>
			<string>XCVersionGroup</string>
			<key>path</key>
			<string>jre.xcdatamodeld</string>
			<key>sourceTree</key>
			<string>&lt;group&gt;</string>
			<key>versionGroupType</key>
			<string>wrapper.xcdatamodel</string>
		</dict>
		<key>D8BC47A71C778B78006BF5A0</key>
		<dict>
			<key>isa</key>
			<string>PBXFileReference</string>
			<key>lastKnownFileType</key>
			<string>wrapper.xcdatamodel</string>
			<key>path</key>
			<string>jre.xcdatamodel</string>
			<key>sourceTree</key>
			<string>&lt;group&gt;</string>
		</dict>
		<key>D8BC47A81C778B78006BF5A0</key>
		<dict>
			<key>fileRef</key>
			<string>D8BC47A61C778B78006BF5A0</string>
			<key>isa</key>
			<string>PBXBuildFile</string>
		</dict>
		<key>D8BC47A91C778B78006BF5A0</key>
		<dict>
			<key>isa</key>
			<string>PBXFileReference</string>
			<key>lastKnownFileType</key>
			<string>folder.assetcatalog</string>
			<key>path</key>
			<string>Assets.xcassets</string>
			<key>sourceTree</key>
			<string>&lt;group&gt;</string>
		</dict>
		<key>D8BC47AA1C778B78006BF5A0</key>
		<dict>
			<key>fileRef</key>
			<string>D8BC47A91C778B78006BF5A0</string>
			<key>isa</key>
			<string>PBXBuildFile</string>
		</dict>
		<key>D8BC47AB1C778B78006BF5A0</key>
		<dict>
			<key>children</key>
			<array>
				<string>D8BC47AC1C778B78006BF5A0</string>
			</array>
			<key>isa</key>
			<string>PBXVariantGroup</string>
			<key>name</key>
			<string>LaunchScreen.storyboard</string>
			<key>sourceTree</key>
			<string>&lt;group&gt;</string>
		</dict>
		<key>D8BC47AC1C778B78006BF5A0</key>
		<dict>
			<key>isa</key>
			<string>PBXFileReference</string>
			<key>lastKnownFileType</key>
			<string>file.storyboard</string>
			<key>name</key>
			<string>Base</string>
			<key>path</key>
			<string>Base.lproj/LaunchScreen.storyboard</string>
			<key>sourceTree</key>
			<string>&lt;group&gt;</string>
		</dict>
		<key>D8BC47AD1C778B78006BF5A0</key>
		<dict>
			<key>fileRef</key>
			<string>D8BC47AB1C778B78006BF5A0</string>
			<key>isa</key>
			<string>PBXBuildFile</string>
		</dict>
		<key>D8BC47AE1C778B78006BF5A0</key>
		<dict>
			<key>isa</key>
			<string>PBXFileReference</string>
			<key>lastKnownFileType</key>
			<string>text.plist.xml</string>
			<key>path</key>
			<string>Info.plist</string>
			<key>sourceTree</key>
			<string>&lt;group&gt;</string>
		</dict>
		<key>D8BC47AF1C778B78006BF5A0</key>
		<dict>
			<key>buildSettings</key>
			<dict>
				<key>ALWAYS_SEARCH_USER_PATHS</key>
				<string>NO</string>
				<key>CLANG_CXX_LANGUAGE_STANDARD</key>
				<string>gnu++0x</string>
				<key>CLANG_CXX_LIBRARY</key>
				<string>libc++</string>
				<key>CLANG_ENABLE_MODULES</key>
				<string>YES</string>
				<key>CLANG_ENABLE_OBJC_ARC</key>
				<string>YES</string>
				<key>CLANG_WARN_BOOL_CONVERSION</key>
				<string>YES</string>
				<key>CLANG_WARN_CONSTANT_CONVERSION</key>
				<string>YES</string>
				<key>CLANG_WARN_DIRECT_OBJC_ISA_USAGE</key>
				<string>YES_ERROR</string>
				<key>CLANG_WARN_EMPTY_BODY</key>
				<string>YES</string>
				<key>CLANG_WARN_ENUM_CONVERSION</key>
				<string>YES</string>
				<key>CLANG_WARN_INT_CONVERSION</key>
				<string>YES</string>
				<key>CLANG_WARN_OBJC_ROOT_CLASS</key>
				<string>YES_ERROR</string>
				<key>CLANG_WARN_UNREACHABLE_CODE</key>
				<string>YES</string>
				<key>CLANG_WARN__DUPLICATE_METHOD_MATCH</key>
				<string>YES</string>
				<key>CODE_SIGN_IDENTITY[sdk=iphoneos*]</key>
				<string>iPhone Developer</string>
				<key>COPY_PHASE_STRIP</key>
				<string>NO</string>
				<key>DEBUG_INFORMATION_FORMAT</key>
				<string>dwarf</string>
				<key>ENABLE_STRICT_OBJC_MSGSEND</key>
				<string>YES</string>
				<key>ENABLE_TESTABILITY</key>
				<string>YES</string>
				<key>GCC_C_LANGUAGE_STANDARD</key>
				<string>gnu99</string>
				<key>GCC_DYNAMIC_NO_PIC</key>
				<string>NO</string>
				<key>GCC_NO_COMMON_BLOCKS</key>
				<string>YES</string>
				<key>GCC_OPTIMIZATION_LEVEL</key>
				<string>0</string>
				<key>GCC_PREPROCESSOR_DEFINITIONS</key>
				<array>
					<string>DEBUG=1</string>
					<string>$(inherited)</string>
				</array>
				<key>GCC_WARN_64_TO_32_BIT_CONVERSION</key>
				<string>YES</string>
				<key>GCC_WARN_ABOUT_RETURN_TYPE</key>
				<string>YES_ERROR</string>
				<key>GCC_WARN_UNDECLARED_SELECTOR</key>
				<string>YES</string>
				<key>GCC_WARN_UNINITIALIZED_AUTOS</key>
				<string>YES_AGGRESSIVE</string>
				<key>GCC_WARN_UNUSED_FUNCTION</key>
				<string>YES</string>
				<key>GCC_WARN_UNUSED_VARIABLE</key>
				<string>YES</string>
				<key>IPHONEOS_DEPLOYMENT_TARGET</key>
				<string>9.2</string>
				<key>MTL_ENABLE_DEBUG_INFO</key>
				<string>YES</string>
				<key>ONLY_ACTIVE_ARCH</key>
				<string>YES</string>
				<key>SDKROOT</key>
				<string>iphoneos</string>
				<key>SWIFT_OPTIMIZATION_LEVEL</key>
				<string>-Onone</string>
			</dict>
			<key>isa</key>
			<string>XCBuildConfiguration</string>
			<key>name</key>
			<string>Debug</string>
		</dict>
		<key>D8BC47B01C778B78006BF5A0</key>
		<dict>
			<key>buildSettings</key>
			<dict>
				<key>ALWAYS_SEARCH_USER_PATHS</key>
				<string>NO</string>
				<key>CLANG_CXX_LANGUAGE_STANDARD</key>
				<string>gnu++0x</string>
				<key>CLANG_CXX_LIBRARY</key>
				<string>libc++</string>
				<key>CLANG_ENABLE_MODULES</key>
				<string>YES</string>
				<key>CLANG_ENABLE_OBJC_ARC</key>
				<string>YES</string>
				<key>CLANG_WARN_BOOL_CONVERSION</key>
				<string>YES</string>
				<key>CLANG_WARN_CONSTANT_CONVERSION</key>
				<string>YES</string>
				<key>CLANG_WARN_DIRECT_OBJC_ISA_USAGE</key>
				<string>YES_ERROR</string>
				<key>CLANG_WARN_EMPTY_BODY</key>
				<string>YES</string>
				<key>CLANG_WARN_ENUM_CONVERSION</key>
				<string>YES</string>
				<key>CLANG_WARN_INT_CONVERSION</key>
				<string>YES</string>
				<key>CLANG_WARN_OBJC_ROOT_CLASS</key>
				<string>YES_ERROR</string>
				<key>CLANG_WARN_UNREACHABLE_CODE</key>
				<string>YES</string>
				<key>CLANG_WARN__DUPLICATE_METHOD_MATCH</key>
				<string>YES</string>
				<key>CODE_SIGN_IDENTITY[sdk=iphoneos*]</key>
				<string>iPhone Developer</string>
				<key>COPY_PHASE_STRIP</key>
				<string>NO</string>
				<key>DEBUG_INFORMATION_FORMAT</key>
				<string>dwarf-with-dsym</string>
				<key>ENABLE_NS_ASSERTIONS</key>
				<string>NO</string>
				<key>ENABLE_STRICT_OBJC_MSGSEND</key>
				<string>YES</string>
				<key>GCC_C_LANGUAGE_STANDARD</key>
				<string>gnu99</string>
				<key>GCC_NO_COMMON_BLOCKS</key>
				<string>YES</string>
				<key>GCC_WARN_64_TO_32_BIT_CONVERSION</key>
				<string>YES</string>
				<key>GCC_WARN_ABOUT_RETURN_TYPE</key>
				<string>YES_ERROR</string>
				<key>GCC_WARN_UNDECLARED_SELECTOR</key>
				<string>YES</string>
				<key>GCC_WARN_UNINITIALIZED_AUTOS</key>
				<string>YES_AGGRESSIVE</string>
				<key>GCC_WARN_UNUSED_FUNCTION</key>
				<string>YES</string>
				<key>GCC_WARN_UNUSED_VARIABLE</key>
				<string>YES</string>
				<key>IPHONEOS_DEPLOYMENT_TARGET</key>
				<string>9.2</string>
				<key>MTL_ENABLE_DEBUG_INFO</key>
				<string>NO</string>
				<key>SDKROOT</key>
				<string>iphoneos</string>
				<key>VALIDATE_PRODUCT</key>
				<string>YES</string>
			</dict>
			<key>isa</key>
			<string>XCBuildConfiguration</string>
			<key>name</key>
			<string>Release</string>
		</dict>
		<key>D8BC47B11C778B78006BF5A0</key>
		<dict>
			<key>buildConfigurations</key>
			<array>
				<string>D8BC47B21C778B78006BF5A0</string>
				<string>D8BC47B31C778B78006BF5A0</string>
			</array>
			<key>defaultConfigurationIsVisible</key>
			<string>0</string>
			<key>defaultConfigurationName</key>
			<string>Release</string>
			<key>isa</key>
			<string>XCConfigurationList</string>
		</dict>
		<key>D8BC47B21C778B78006BF5A0</key>
		<dict>
			<key>baseConfigurationReference</key>
			<string>E656C158DB7F66E6C033CC81</string>
			<key>buildSettings</key>
			<dict>
				<key>ASSETCATALOG_COMPILER_APPICON_NAME</key>
				<string>AppIcon</string>
				<key>CODE_SIGN_IDENTITY</key>
				<string>iPhone Developer</string>
				<key>CODE_SIGN_IDENTITY[sdk=iphoneos*]</key>
				<string>iPhone Developer</string>
				<key>ENABLE_BITCODE</key>
				<string>NO</string>
				<key>FRAMEWORK_SEARCH_PATHS</key>
				<array>
					<string>$(inherited)</string>
					<string>$(PROJECT_DIR)</string>
				</array>
				<key>INFOPLIST_FILE</key>
				<string>jre/Info.plist</string>
				<key>LD_RUNPATH_SEARCH_PATHS</key>
				<string>$(inherited) @executable_path/Frameworks</string>
				<key>PRODUCT_BUNDLE_IDENTIFIER</key>
				<string>com.CavernLabs.jre</string>
				<key>PRODUCT_NAME</key>
				<string>$(TARGET_NAME)</string>
				<key>PROVISIONING_PROFILE</key>
				<string></string>
			</dict>
			<key>isa</key>
			<string>XCBuildConfiguration</string>
			<key>name</key>
			<string>Debug</string>
		</dict>
		<key>D8BC47B31C778B78006BF5A0</key>
		<dict>
			<key>baseConfigurationReference</key>
			<string>2DB457E6C8EC3864E967A53B</string>
			<key>buildSettings</key>
			<dict>
				<key>ASSETCATALOG_COMPILER_APPICON_NAME</key>
				<string>AppIcon</string>
				<key>CODE_SIGN_IDENTITY</key>
				<string>iPhone Developer</string>
				<key>CODE_SIGN_IDENTITY[sdk=iphoneos*]</key>
				<string>iPhone Developer</string>
				<key>ENABLE_BITCODE</key>
				<string>NO</string>
				<key>FRAMEWORK_SEARCH_PATHS</key>
				<array>
					<string>$(inherited)</string>
					<string>$(PROJECT_DIR)</string>
				</array>
				<key>INFOPLIST_FILE</key>
				<string>jre/Info.plist</string>
				<key>LD_RUNPATH_SEARCH_PATHS</key>
				<string>$(inherited) @executable_path/Frameworks</string>
				<key>PRODUCT_BUNDLE_IDENTIFIER</key>
				<string>com.CavernLabs.jre</string>
				<key>PRODUCT_NAME</key>
				<string>$(TARGET_NAME)</string>
				<key>PROVISIONING_PROFILE</key>
				<string></string>
			</dict>
			<key>isa</key>
			<string>XCBuildConfiguration</string>
			<key>name</key>
			<string>Release</string>
		</dict>
		<key>D8BC47B41C778C0F006BF5A0</key>
		<dict>
			<key>children</key>
			<array>
				<string>D947E14D1CA72B2E00D58842</string>
				<string>D947E14F1CA72C1D00D58842</string>
				<string>D8BC47B51C778C4F006BF5A0</string>
				<string>D8602F3D1C909B9500A17126</string>
				<string>D80C48C41C7E29E70084DC39</string>
				<string>D8DAF5121CA70FC000D93A1A</string>
				<string>D83F9ACF1CA74B6B00111635</string>
			</array>
			<key>isa</key>
			<string>PBXGroup</string>
			<key>name</key>
			<string>ViewControllers</string>
			<key>sourceTree</key>
			<string>&lt;group&gt;</string>
		</dict>
		<key>D8BC47B51C778C4F006BF5A0</key>
		<dict>
			<key>fileEncoding</key>
			<string>4</string>
			<key>isa</key>
			<string>PBXFileReference</string>
			<key>lastKnownFileType</key>
			<string>sourcecode.swift</string>
			<key>path</key>
			<string>MapViewController.swift</string>
			<key>sourceTree</key>
			<string>&lt;group&gt;</string>
		</dict>
		<key>D8BC47B61C778C4F006BF5A0</key>
		<dict>
			<key>fileRef</key>
			<string>D8BC47B51C778C4F006BF5A0</string>
			<key>isa</key>
			<string>PBXBuildFile</string>
		</dict>
		<key>D8DAF5121CA70FC000D93A1A</key>
		<dict>
			<key>fileEncoding</key>
			<string>4</string>
			<key>isa</key>
			<string>PBXFileReference</string>
			<key>lastKnownFileType</key>
			<string>sourcecode.swift</string>
			<key>path</key>
			<string>CameraViewController.swift</string>
			<key>sourceTree</key>
			<string>&lt;group&gt;</string>
		</dict>
		<key>D8DAF5131CA70FC000D93A1A</key>
		<dict>
			<key>fileRef</key>
			<string>D8DAF5121CA70FC000D93A1A</string>
			<key>isa</key>
			<string>PBXBuildFile</string>
		</dict>
		<key>D8DAF5141CA7380100D93A1A</key>
		<dict>
			<key>isa</key>
			<string>PBXFileReference</string>
			<key>lastKnownFileType</key>
			<string>image.png</string>
			<key>path</key>
			<string>camera-icon.png</string>
			<key>sourceTree</key>
			<string>&lt;group&gt;</string>
		</dict>
		<key>D8DAF5151CA7380100D93A1A</key>
		<dict>
			<key>fileRef</key>
			<string>D8DAF5141CA7380100D93A1A</string>
			<key>isa</key>
			<string>PBXBuildFile</string>
		</dict>
		<key>D930A3081CA87FEE00B2E1A4</key>
		<dict>
			<key>isa</key>
			<string>PBXFileReference</string>
			<key>lastKnownFileType</key>
			<string>image.png</string>
			<key>path</key>
			<string>thumb.png</string>
			<key>sourceTree</key>
			<string>&lt;group&gt;</string>
		</dict>
		<key>D930A3091CA87FEE00B2E1A4</key>
		<dict>
			<key>isa</key>
			<string>PBXFileReference</string>
			<key>lastKnownFileType</key>
			<string>image.png</string>
			<key>path</key>
			<string>thumbd.png</string>
			<key>sourceTree</key>
			<string>&lt;group&gt;</string>
		</dict>
		<key>D930A30A1CA87FEE00B2E1A4</key>
		<dict>
			<key>fileRef</key>
			<string>D930A3081CA87FEE00B2E1A4</string>
			<key>isa</key>
			<string>PBXBuildFile</string>
		</dict>
		<key>D930A30B1CA87FEE00B2E1A4</key>
		<dict>
			<key>fileRef</key>
			<string>D930A3091CA87FEE00B2E1A4</string>
			<key>isa</key>
			<string>PBXBuildFile</string>
		</dict>
		<key>D947E14D1CA72B2E00D58842</key>
		<dict>
			<key>fileEncoding</key>
			<string>4</string>
			<key>isa</key>
			<string>PBXFileReference</string>
			<key>lastKnownFileType</key>
			<string>sourcecode.swift</string>
			<key>path</key>
			<string>cell.swift</string>
			<key>sourceTree</key>
			<string>&lt;group&gt;</string>
		</dict>
		<key>D947E14E1CA72B2E00D58842</key>
		<dict>
			<key>fileRef</key>
			<string>D947E14D1CA72B2E00D58842</string>
			<key>isa</key>
			<string>PBXBuildFile</string>
		</dict>
		<key>D947E14F1CA72C1D00D58842</key>
		<dict>
			<key>fileEncoding</key>
			<string>4</string>
			<key>isa</key>
			<string>PBXFileReference</string>
			<key>lastKnownFileType</key>
			<string>sourcecode.swift</string>
			<key>path</key>
			<string>PlaceTableViewController.swift</string>
			<key>sourceTree</key>
			<string>&lt;group&gt;</string>
		</dict>
		<key>D947E1501CA72C1D00D58842</key>
		<dict>
			<key>fileRef</key>
			<string>D947E14F1CA72C1D00D58842</string>
			<key>isa</key>
			<string>PBXBuildFile</string>
		</dict>
		<key>D947E1511CA72D5200D58842</key>
		<dict>
			<key>isa</key>
			<string>PBXFileReference</string>
			<key>lastKnownFileType</key>
			<string>image.jpeg</string>
			<key>path</key>
			<string>test.jpg</string>
			<key>sourceTree</key>
			<string>&lt;group&gt;</string>
		</dict>
		<key>D947E1521CA72D5300D58842</key>
		<dict>
			<key>fileRef</key>
			<string>D947E1511CA72D5200D58842</string>
			<key>isa</key>
			<string>PBXBuildFile</string>
		</dict>
		<key>D9FD07ED1CAA0592004FDD25</key>
		<dict>
			<key>isa</key>
			<string>PBXFileReference</string>
			<key>lastKnownFileType</key>
			<string>wrapper.pb-project</string>
			<key>name</key>
			<string>Pods.xcodeproj</string>
			<key>path</key>
			<string>Pods/Pods.xcodeproj</string>
			<key>sourceTree</key>
			<string>&lt;group&gt;</string>
		</dict>
		<key>D9FD07EE1CAA0592004FDD25</key>
		<dict>
			<key>children</key>
			<array>
				<string>D9FD07F61CAA0592004FDD25</string>
				<string>D9FD07F81CAA0592004FDD25</string>
				<string>D9FD07FA1CAA0592004FDD25</string>
				<string>D9FD07FC1CAA0592004FDD25</string>
				<string>D9FD07FE1CAA0592004FDD25</string>
			</array>
			<key>isa</key>
			<string>PBXGroup</string>
			<key>name</key>
			<string>Products</string>
			<key>sourceTree</key>
			<string>&lt;group&gt;</string>
		</dict>
		<key>D9FD07F51CAA0592004FDD25</key>
		<dict>
			<key>containerPortal</key>
			<string>D9FD07ED1CAA0592004FDD25</string>
			<key>isa</key>
			<string>PBXContainerItemProxy</string>
			<key>proxyType</key>
			<string>2</string>
			<key>remoteGlobalIDString</key>
			<string>F423F4D2FE45F371E982B33523AE121B</string>
			<key>remoteInfo</key>
			<string>Bolts</string>
		</dict>
		<key>D9FD07F61CAA0592004FDD25</key>
		<dict>
			<key>fileType</key>
			<string>wrapper.framework</string>
			<key>isa</key>
			<string>PBXReferenceProxy</string>
			<key>path</key>
			<string>Bolts.framework</string>
			<key>remoteRef</key>
			<string>D9FD07F51CAA0592004FDD25</string>
			<key>sourceTree</key>
			<string>BUILT_PRODUCTS_DIR</string>
		</dict>
		<key>D9FD07F71CAA0592004FDD25</key>
		<dict>
			<key>containerPortal</key>
			<string>D9FD07ED1CAA0592004FDD25</string>
			<key>isa</key>
			<string>PBXContainerItemProxy</string>
			<key>proxyType</key>
			<string>2</string>
			<key>remoteGlobalIDString</key>
			<string>C131E0A53301C976DE320708993B6080</string>
			<key>remoteInfo</key>
			<string>FBSDKCoreKit</string>
		</dict>
		<key>D9FD07F81CAA0592004FDD25</key>
		<dict>
			<key>fileType</key>
			<string>wrapper.framework</string>
			<key>isa</key>
			<string>PBXReferenceProxy</string>
			<key>path</key>
			<string>FBSDKCoreKit.framework</string>
			<key>remoteRef</key>
			<string>D9FD07F71CAA0592004FDD25</string>
			<key>sourceTree</key>
			<string>BUILT_PRODUCTS_DIR</string>
		</dict>
		<key>D9FD07F91CAA0592004FDD25</key>
		<dict>
			<key>containerPortal</key>
			<string>D9FD07ED1CAA0592004FDD25</string>
			<key>isa</key>
			<string>PBXContainerItemProxy</string>
			<key>proxyType</key>
			<string>2</string>
			<key>remoteGlobalIDString</key>
			<string>5A61B230AC0E677BD68C96811BC5D046</string>
			<key>remoteInfo</key>
			<string>FBSDKLoginKit</string>
		</dict>
		<key>D9FD07FA1CAA0592004FDD25</key>
		<dict>
			<key>fileType</key>
			<string>wrapper.framework</string>
			<key>isa</key>
			<string>PBXReferenceProxy</string>
			<key>path</key>
			<string>FBSDKLoginKit.framework</string>
			<key>remoteRef</key>
			<string>D9FD07F91CAA0592004FDD25</string>
			<key>sourceTree</key>
			<string>BUILT_PRODUCTS_DIR</string>
		</dict>
		<key>D9FD07FB1CAA0592004FDD25</key>
		<dict>
			<key>containerPortal</key>
			<string>D9FD07ED1CAA0592004FDD25</string>
			<key>isa</key>
			<string>PBXContainerItemProxy</string>
			<key>proxyType</key>
			<string>2</string>
			<key>remoteGlobalIDString</key>
			<string>20539BB64DCC84348EBE6E3758313FF4</string>
			<key>remoteInfo</key>
			<string>Firebase</string>
		</dict>
		<key>D9FD07FC1CAA0592004FDD25</key>
		<dict>
			<key>fileType</key>
			<string>wrapper.framework</string>
			<key>isa</key>
			<string>PBXReferenceProxy</string>
			<key>path</key>
			<string>Firebase.framework</string>
			<key>remoteRef</key>
			<string>D9FD07FB1CAA0592004FDD25</string>
			<key>sourceTree</key>
			<string>BUILT_PRODUCTS_DIR</string>
		</dict>
		<key>D9FD07FD1CAA0592004FDD25</key>
		<dict>
			<key>containerPortal</key>
			<string>D9FD07ED1CAA0592004FDD25</string>
			<key>isa</key>
			<string>PBXContainerItemProxy</string>
			<key>proxyType</key>
			<string>2</string>
			<key>remoteGlobalIDString</key>
			<string>C8B35D2B28C3CE51583EEB73CAFFE19B</string>
			<key>remoteInfo</key>
			<string>Pods</string>
		</dict>
		<key>D9FD07FE1CAA0592004FDD25</key>
		<dict>
			<key>fileType</key>
			<string>wrapper.framework</string>
			<key>isa</key>
			<string>PBXReferenceProxy</string>
			<key>path</key>
			<string>Pods.framework</string>
			<key>remoteRef</key>
			<string>D9FD07FD1CAA0592004FDD25</string>
			<key>sourceTree</key>
			<string>BUILT_PRODUCTS_DIR</string>
		</dict>
		<key>E5441F541CA8826600CC84B1</key>
		<dict>
			<key>isa</key>
			<string>PBXFileReference</string>
			<key>lastKnownFileType</key>
			<string>image.png</string>
			<key>path</key>
			<string>splash.png</string>
			<key>sourceTree</key>
			<string>&lt;group&gt;</string>
		</dict>
		<key>E5441F551CA8826600CC84B1</key>
		<dict>
			<key>fileRef</key>
			<string>E5441F541CA8826600CC84B1</string>
			<key>isa</key>
			<string>PBXBuildFile</string>
		</dict>
		<key>E656C158DB7F66E6C033CC81</key>
		<dict>
			<key>includeInIndex</key>
			<string>1</string>
			<key>isa</key>
			<string>PBXFileReference</string>
			<key>lastKnownFileType</key>
			<string>text.xcconfig</string>
			<key>name</key>
			<string>Pods.debug.xcconfig</string>
			<key>path</key>
			<string>Pods/Target Support Files/Pods/Pods.debug.xcconfig</string>
			<key>sourceTree</key>
			<string>&lt;group&gt;</string>
		</dict>
		<key>FED16D430FBA5DBE15B69A67</key>
		<dict>
			<key>buildActionMask</key>
			<string>2147483647</string>
			<key>files</key>
			<array/>
			<key>inputPaths</key>
			<array/>
			<key>isa</key>
			<string>PBXShellScriptBuildPhase</string>
			<key>name</key>
			<string>Copy Pods Resources</string>
			<key>outputPaths</key>
			<array/>
			<key>runOnlyForDeploymentPostprocessing</key>
			<string>0</string>
			<key>shellPath</key>
			<string>/bin/sh</string>
			<key>shellScript</key>
			<string>"${SRCROOT}/Pods/Target Support Files/Pods/Pods-resources.sh"
</string>
			<key>showEnvVarsInLog</key>
			<string>0</string>
		</dict>
	</dict>
	<key>rootObject</key>
	<string>D8BC47941C778B78006BF5A0</string>
</dict>
</plist>
